
Microsoft Visual Studio Solution File, Format Version 12.00
# Visual Studio Version 16
VisualStudioVersion = 16.0.31205.134
MinimumVisualStudioVersion = 10.0.40219.1
Project("{9A19103F-16F7-4668-BE54-9A1E7A4F7556}") = "ConsoleApp1", "ConsoleApp1\ConsoleApp1.csproj", "{8E0093A3-4DD1-44F4-A8D2-1A838C0E0F5A}"
EndProject
Project("{FAE04EC0-301F-11D3-BF4B-00C04F79EFBC}") = "TestProject1", "TestProject1\TestProject1.csproj", "{0C89EA8F-354D-43DE-A582-90BD5D5D7287}"
EndProject
Global
	GlobalSection(SolutionConfigurationPlatforms) = preSolution
		Debug|Any CPU = Debug|Any CPU
		Release|Any CPU = Release|Any CPU
	EndGlobalSection
	GlobalSection(ProjectConfigurationPlatforms) = postSolution
		{8E0093A3-4DD1-44F4-A8D2-1A838C0E0F5A}.Debug|Any CPU.ActiveCfg = Debug|Any CPU
		{8E0093A3-4DD1-44F4-A8D2-1A838C0E0F5A}.Debug|Any CPU.Build.0 = Debug|Any CPU
		{8E0093A3-4DD1-44F4-A8D2-1A838C0E0F5A}.Release|Any CPU.ActiveCfg = Release|Any CPU
		{8E0093A3-4DD1-44F4-A8D2-1A838C0E0F5A}.Release|Any CPU.Build.0 = Release|Any CPU
		{0C89EA8F-354D-43DE-A582-90BD5D5D7287}.Debug|Any CPU.ActiveCfg = Debug|Any CPU
		{0C89EA8F-354D-43DE-A582-90BD5D5D7287}.Debug|Any CPU.Build.0 = Debug|Any CPU
		{0C89EA8F-354D-43DE-A582-90BD5D5D7287}.Release|Any CPU.ActiveCfg = Release|Any CPU
		{0C89EA8F-354D-43DE-A582-90BD5D5D7287}.Release|Any CPU.Build.0 = Release|Any CPU
	EndGlobalSection
	GlobalSection(SolutionProperties) = preSolution
		HideSolutionNode = FALSE
	EndGlobalSection
	GlobalSection(ExtensibilityGlobals) = postSolution
		SolutionGuid = {C7D15B1D-65A2-46A1-9E96-2DE34185AD76}
	EndGlobalSection
EndGlobal
